// !$*UTF8*$!
{
	archiveVersion = 1;
	classes = {
	};
	objectVersion = 50;
	objects = {

/* Begin PBXBuildFile section */
		3CBBD3C4264B9FFA008EF4BE /* AppDelegate.swift in Sources */ = {isa = PBXBuildFile; fileRef = 3CBBD3C3264B9FFA008EF4BE /* AppDelegate.swift */; };
		3CBBD3C6264B9FFA008EF4BE /* SceneDelegate.swift in Sources */ = {isa = PBXBuildFile; fileRef = 3CBBD3C5264B9FFA008EF4BE /* SceneDelegate.swift */; };
		3CBBD3C8264B9FFA008EF4BE /* ViewController.swift in Sources */ = {isa = PBXBuildFile; fileRef = 3CBBD3C7264B9FFA008EF4BE /* ViewController.swift */; };
		3CBBD3CB264B9FFA008EF4BE /* Main.storyboard in Resources */ = {isa = PBXBuildFile; fileRef = 3CBBD3C9264B9FFA008EF4BE /* Main.storyboard */; };
		3CBBD3CD264B9FFB008EF4BE /* Assets.xcassets in Resources */ = {isa = PBXBuildFile; fileRef = 3CBBD3CC264B9FFB008EF4BE /* Assets.xcassets */; };
		3CBBD3D0264B9FFB008EF4BE /* LaunchScreen.storyboard in Resources */ = {isa = PBXBuildFile; fileRef = 3CBBD3CE264B9FFB008EF4BE /* LaunchScreen.storyboard */; };
		6745246D5D91F3351AF373AC /* Pods_RxSwift_Subject_Exam.framework in Frameworks */ = {isa = PBXBuildFile; fileRef = BCF035312EE081EAC2C5DBCD /* Pods_RxSwift_Subject_Exam.framework */; };
/* End PBXBuildFile section */

/* Begin PBXFileReference section */
		3CBBD3C0264B9FFA008EF4BE /* RxSwift-Subject-Exam.app */ = {isa = PBXFileReference; explicitFileType = wrapper.application; includeInIndex = 0; path = "RxSwift-Subject-Exam.app"; sourceTree = BUILT_PRODUCTS_DIR; };
		3CBBD3C3264B9FFA008EF4BE /* AppDelegate.swift */ = {isa = PBXFileReference; lastKnownFileType = sourcecode.swift; path = AppDelegate.swift; sourceTree = "<group>"; };
		3CBBD3C5264B9FFA008EF4BE /* SceneDelegate.swift */ = {isa = PBXFileReference; lastKnownFileType = sourcecode.swift; path = SceneDelegate.swift; sourceTree = "<group>"; };
		3CBBD3C7264B9FFA008EF4BE /* ViewController.swift */ = {isa = PBXFileReference; lastKnownFileType = sourcecode.swift; path = ViewController.swift; sourceTree = "<group>"; };
		3CBBD3CA264B9FFA008EF4BE /* Base */ = {isa = PBXFileReference; lastKnownFileType = file.storyboard; name = Base; path = Base.lproj/Main.storyboard; sourceTree = "<group>"; };
		3CBBD3CC264B9FFB008EF4BE /* Assets.xcassets */ = {isa = PBXFileReference; lastKnownFileType = folder.assetcatalog; path = Assets.xcassets; sourceTree = "<group>"; };
		3CBBD3CF264B9FFB008EF4BE /* Base */ = {isa = PBXFileReference; lastKnownFileType = file.storyboard; name = Base; path = Base.lproj/LaunchScreen.storyboard; sourceTree = "<group>"; };
		3CBBD3D1264B9FFB008EF4BE /* Info.plist */ = {isa = PBXFileReference; lastKnownFileType = text.plist.xml; path = Info.plist; sourceTree = "<group>"; };
		4B95C65630094C5CF2F02545 /* Pods-RxSwift-Subject-Exam.debug.xcconfig */ = {isa = PBXFileReference; includeInIndex = 1; lastKnownFileType = text.xcconfig; name = "Pods-RxSwift-Subject-Exam.debug.xcconfig"; path = "Target Support Files/Pods-RxSwift-Subject-Exam/Pods-RxSwift-Subject-Exam.debug.xcconfig"; sourceTree = "<group>"; };
		B5D7FCA5FCF09C140AE8980B /* Pods-RxSwift-Subject-Exam.release.xcconfig */ = {isa = PBXFileReference; includeInIndex = 1; lastKnownFileType = text.xcconfig; name = "Pods-RxSwift-Subject-Exam.release.xcconfig"; path = "Target Support Files/Pods-RxSwift-Subject-Exam/Pods-RxSwift-Subject-Exam.release.xcconfig"; sourceTree = "<group>"; };
		BCF035312EE081EAC2C5DBCD /* Pods_RxSwift_Subject_Exam.framework */ = {isa = PBXFileReference; explicitFileType = wrapper.framework; includeInIndex = 0; path = Pods_RxSwift_Subject_Exam.framework; sourceTree = BUILT_PRODUCTS_DIR; };
/* End PBXFileReference section */

/* Begin PBXFrameworksBuildPhase section */
		3CBBD3BD264B9FFA008EF4BE /* Frameworks */ = {
			isa = PBXFrameworksBuildPhase;
			buildActionMask = 2147483647;
			files = (
				6745246D5D91F3351AF373AC /* Pods_RxSwift_Subject_Exam.framework in Frameworks */,
			);
			runOnlyForDeploymentPostprocessing = 0;
		};
/* End PBXFrameworksBuildPhase section */

/* Begin PBXGroup section */
		220E4680A7F83F05C2657AE0 /* Pods */ = {
			isa = PBXGroup;
			children = (
				4B95C65630094C5CF2F02545 /* Pods-RxSwift-Subject-Exam.debug.xcconfig */,
				B5D7FCA5FCF09C140AE8980B /* Pods-RxSwift-Subject-Exam.release.xcconfig */,
			);
			name = Pods;
			path = Pods;
			sourceTree = "<group>";
		};
		3CBBD3B7264B9FFA008EF4BE = {
			isa = PBXGroup;
			children = (
				3CBBD3C2264B9FFA008EF4BE /* RxSwift-Subject-Exam */,
				3CBBD3C1264B9FFA008EF4BE /* Products */,
				220E4680A7F83F05C2657AE0 /* Pods */,
				AEB561ECA22AC7FD0E6CA4F3 /* Frameworks */,
			);
			sourceTree = "<group>";
		};
		3CBBD3C1264B9FFA008EF4BE /* Products */ = {
			isa = PBXGroup;
			children = (
				3CBBD3C0264B9FFA008EF4BE /* RxSwift-Subject-Exam.app */,
			);
			name = Products;
			sourceTree = "<group>";
		};
		3CBBD3C2264B9FFA008EF4BE /* RxSwift-Subject-Exam */ = {
			isa = PBXGroup;
			children = (
				3CBBD3C3264B9FFA008EF4BE /* AppDelegate.swift */,
				3CBBD3C5264B9FFA008EF4BE /* SceneDelegate.swift */,
				3CBBD3C7264B9FFA008EF4BE /* ViewController.swift */,
				3CBBD3C9264B9FFA008EF4BE /* Main.storyboard */,
				3CBBD3CC264B9FFB008EF4BE /* Assets.xcassets */,
				3CBBD3CE264B9FFB008EF4BE /* LaunchScreen.storyboard */,
				3CBBD3D1264B9FFB008EF4BE /* Info.plist */,
			);
			path = "RxSwift-Subject-Exam";
			sourceTree = "<group>";
		};
		AEB561ECA22AC7FD0E6CA4F3 /* Frameworks */ = {
			isa = PBXGroup;
			children = (
				BCF035312EE081EAC2C5DBCD /* Pods_RxSwift_Subject_Exam.framework */,
			);
			name = Frameworks;
			sourceTree = "<group>";
		};
/* End PBXGroup section */

/* Begin PBXNativeTarget section */
		3CBBD3BF264B9FFA008EF4BE /* RxSwift-Subject-Exam */ = {
			isa = PBXNativeTarget;
			buildConfigurationList = 3CBBD3D4264B9FFB008EF4BE /* Build configuration list for PBXNativeTarget "RxSwift-Subject-Exam" */;
			buildPhases = (
				3B87E29B101D0E9FABF1D7B7 /* [CP] Check Pods Manifest.lock */,
				3CBBD3BC264B9FFA008EF4BE /* Sources */,
				3CBBD3BD264B9FFA008EF4BE /* Frameworks */,
				3CBBD3BE264B9FFA008EF4BE /* Resources */,
				988DD34DFADCEE5EB28977D7 /* [CP] Embed Pods Frameworks */,
			);
			buildRules = (
			);
			dependencies = (
			);
			name = "RxSwift-Subject-Exam";
			productName = "RxSwift-Subject-Exam";
			productReference = 3CBBD3C0264B9FFA008EF4BE /* RxSwift-Subject-Exam.app */;
			productType = "com.apple.product-type.application";
		};
/* End PBXNativeTarget section */

/* Begin PBXProject section */
		3CBBD3B8264B9FFA008EF4BE /* Project object */ = {
			isa = PBXProject;
			attributes = {
				LastSwiftUpdateCheck = 1240;
				LastUpgradeCheck = 1240;
				TargetAttributes = {
					3CBBD3BF264B9FFA008EF4BE = {
						CreatedOnToolsVersion = 12.4;
					};
				};
			};
			buildConfigurationList = 3CBBD3BB264B9FFA008EF4BE /* Build configuration list for PBXProject "RxSwift-Subject-Exam" */;
			compatibilityVersion = "Xcode 9.3";
			developmentRegion = en;
			hasScannedForEncodings = 0;
			knownRegions = (
				en,
				Base,
			);
			mainGroup = 3CBBD3B7264B9FFA008EF4BE;
			productRefGroup = 3CBBD3C1264B9FFA008EF4BE /* Products */;
			projectDirPath = "";
			projectRoot = "";
			targets = (
				3CBBD3BF264B9FFA008EF4BE /* RxSwift-Subject-Exam */,
			);
		};
/* End PBXProject section */

/* Begin PBXResourcesBuildPhase section */
		3CBBD3BE264B9FFA008EF4BE /* Resources */ = {
			isa = PBXResourcesBuildPhase;
			buildActionMask = 2147483647;
			files = (
				3CBBD3D0264B9FFB008EF4BE /* LaunchScreen.storyboard in Resources */,
				3CBBD3CD264B9FFB008EF4BE /* Assets.xcassets in Resources */,
				3CBBD3CB264B9FFA008EF4BE /* Main.storyboard in Resources */,
			);
			runOnlyForDeploymentPostprocessing = 0;
		};
/* End PBXResourcesBuildPhase section */

/* Begin PBXShellScriptBuildPhase section */
		3B87E29B101D0E9FABF1D7B7 /* [CP] Check Pods Manifest.lock */ = {
			isa = PBXShellScriptBuildPhase;
			buildActionMask = 2147483647;
			files = (
			);
			inputFileListPaths = (
			);
			inputPaths = (
				"${PODS_PODFILE_DIR_PATH}/Podfile.lock",
				"${PODS_ROOT}/Manifest.lock",
			);
			name = "[CP] Check Pods Manifest.lock";
			outputFileListPaths = (
			);
			outputPaths = (
				"$(DERIVED_FILE_DIR)/Pods-RxSwift-Subject-Exam-checkManifestLockResult.txt",
			);
			runOnlyForDeploymentPostprocessing = 0;
			shellPath = /bin/sh;
			shellScript = "diff \"${PODS_PODFILE_DIR_PATH}/Podfile.lock\" \"${PODS_ROOT}/Manifest.lock\" > /dev/null\nif [ $? != 0 ] ; then\n    # print error to STDERR\n    echo \"error: The sandbox is not in sync with the Podfile.lock. Run 'pod install' or update your CocoaPods installation.\" >&2\n    exit 1\nfi\n# This output is used by Xcode 'outputs' to avoid re-running this script phase.\necho \"SUCCESS\" > \"${SCRIPT_OUTPUT_FILE_0}\"\n";
			showEnvVarsInLog = 0;
		};
		988DD34DFADCEE5EB28977D7 /* [CP] Embed Pods Frameworks */ = {
			isa = PBXShellScriptBuildPhase;
			buildActionMask = 2147483647;
			files = (
			);
			inputFileListPaths = (
				"${PODS_ROOT}/Target Support Files/Pods-RxSwift-Subject-Exam/Pods-RxSwift-Subject-Exam-frameworks-${CONFIGURATION}-input-files.xcfilelist",
			);
			name = "[CP] Embed Pods Frameworks";
			outputFileListPaths = (
				"${PODS_ROOT}/Target Support Files/Pods-RxSwift-Subject-Exam/Pods-RxSwift-Subject-Exam-frameworks-${CONFIGURATION}-output-files.xcfilelist",
			);
			runOnlyForDeploymentPostprocessing = 0;
			shellPath = /bin/sh;
			shellScript = "\"${PODS_ROOT}/Target Support Files/Pods-RxSwift-Subject-Exam/Pods-RxSwift-Subject-Exam-frameworks.sh\"\n";
			showEnvVarsInLog = 0;
		};
/* End PBXShellScriptBuildPhase section */

/* Begin PBXSourcesBuildPhase section */
		3CBBD3BC264B9FFA008EF4BE /* Sources */ = {
			isa = PBXSourcesBuildPhase;
			buildActionMask = 2147483647;
			files = (
				3CBBD3C8264B9FFA008EF4BE /* ViewController.swift in Sources */,
				3CBBD3C4264B9FFA008EF4BE /* AppDelegate.swift in Sources */,
				3CBBD3C6264B9FFA008EF4BE /* SceneDelegate.swift in Sources */,
			);
			runOnlyForDeploymentPostprocessing = 0;
		};
/* End PBXSourcesBuildPhase section */

/* Begin PBXVariantGroup section */
		3CBBD3C9264B9FFA008EF4BE /* Main.storyboard */ = {
			isa = PBXVariantGroup;
			children = (
				3CBBD3CA264B9FFA008EF4BE /* Base */,
			);
			name = Main.storyboard;
			sourceTree = "<group>";
		};
		3CBBD3CE264B9FFB008EF4BE /* LaunchScreen.storyboard */ = {
			isa = PBXVariantGroup;
			children = (
				3CBBD3CF264B9FFB008EF4BE /* Base */,
			);
			name = LaunchScreen.storyboard;
			sourceTree = "<group>";
		};
/* End PBXVariantGroup section */

/* Begin XCBuildConfiguration section */
		3CBBD3D2264B9FFB008EF4BE /* Debug */ = {
			isa = XCBuildConfiguration;
			buildSettings = {
				ALWAYS_SEARCH_USER_PATHS = NO;
				CLANG_ANALYZER_NONNULL = YES;
				CLANG_ANALYZER_NUMBER_OBJECT_CONVERSION = YES_AGGRESSIVE;
				CLANG_CXX_LANGUAGE_STANDARD = "gnu++14";
				CLANG_CXX_LIBRARY = "libc++";
				CLANG_ENABLE_MODULES = YES;
				CLANG_ENABLE_OBJC_ARC = YES;
				CLANG_ENABLE_OBJC_WEAK = YES;
				CLANG_WARN_BLOCK_CAPTURE_AUTORELEASING = YES;
				CLANG_WARN_BOOL_CONVERSION = YES;
				CLANG_WARN_COMMA = YES;
				CLANG_WARN_CONSTANT_CONVERSION = YES;
				CLANG_WARN_DEPRECATED_OBJC_IMPLEMENTATIONS = YES;
				CLANG_WARN_DIRECT_OBJC_ISA_USAGE = YES_ERROR;
				CLANG_WARN_DOCUMENTATION_COMMENTS = YES;
				CLANG_WARN_EMPTY_BODY = YES;
				CLANG_WARN_ENUM_CONVERSION = YES;
				CLANG_WARN_INFINITE_RECURSION = YES;
				CLANG_WARN_INT_CONVERSION = YES;
				CLANG_WARN_NON_LITERAL_NULL_CONVERSION = YES;
				CLANG_WARN_OBJC_IMPLICIT_RETAIN_SELF = YES;
				CLANG_WARN_OBJC_LITERAL_CONVERSION = YES;
				CLANG_WARN_OBJC_ROOT_CLASS = YES_ERROR;
				CLANG_WARN_QUOTED_INCLUDE_IN_FRAMEWORK_HEADER = YES;
				CLANG_WARN_RANGE_LOOP_ANALYSIS = YES;
				CLANG_WARN_STRICT_PROTOTYPES = YES;
				CLANG_WARN_SUSPICIOUS_MOVE = YES;
				CLANG_WARN_UNGUARDED_AVAILABILITY = YES_AGGRESSIVE;
				CLANG_WARN_UNREACHABLE_CODE = YES;
				CLANG_WARN__DUPLICATE_METHOD_MATCH = YES;
				COPY_PHASE_STRIP = NO;
				DEBUG_INFORMATION_FORMAT = dwarf;
				ENABLE_STRICT_OBJC_MSGSEND = YES;
				ENABLE_TESTABILITY = YES;
				GCC_C_LANGUAGE_STANDARD = gnu11;
				GCC_DYNAMIC_NO_PIC = NO;
				GCC_NO_COMMON_BLOCKS = YES;
				GCC_OPTIMIZATION_LEVEL = 0;
				GCC_PREPROCESSOR_DEFINITIONS = (
					"DEBUG=1",
					"$(inherited)",
				);
				GCC_WARN_64_TO_32_BIT_CONVERSION = YES;
				GCC_WARN_ABOUT_RETURN_TYPE = YES_ERROR;
				GCC_WARN_UNDECLARED_SELECTOR = YES;
				GCC_WARN_UNINITIALIZED_AUTOS = YES_AGGRESSIVE;
				GCC_WARN_UNUSED_FUNCTION = YES;
				GCC_WARN_UNUSED_VARIABLE = YES;
				IPHONEOS_DEPLOYMENT_TARGET = 14.4;
				MTL_ENABLE_DEBUG_INFO = INCLUDE_SOURCE;
				MTL_FAST_MATH = YES;
				ONLY_ACTIVE_ARCH = YES;
				SDKROOT = iphoneos;
				SWIFT_ACTIVE_COMPILATION_CONDITIONS = DEBUG;
				SWIFT_OPTIMIZATION_LEVEL = "-Onone";
			};
			name = Debug;
		};
		3CBBD3D3264B9FFB008EF4BE /* Release */ = {
			isa = XCBuildConfiguration;
			buildSettings = {
				ALWAYS_SEARCH_USER_PATHS = NO;
				CLANG_ANALYZER_NONNULL = YES;
				CLANG_ANALYZER_NUMBER_OBJECT_CONVERSION = YES_AGGRESSIVE;
				CLANG_CXX_LANGUAGE_STANDARD = "gnu++14";
				CLANG_CXX_LIBRARY = "libc++";
				CLANG_ENABLE_MODULES = YES;
				CLANG_ENABLE_OBJC_ARC = YES;
				CLANG_ENABLE_OBJC_WEAK = YES;
				CLANG_WARN_BLOCK_CAPTURE_AUTORELEASING = YES;
				CLANG_WARN_BOOL_CONVERSION = YES;
				CLANG_WARN_COMMA = YES;
				CLANG_WARN_CONSTANT_CONVERSION = YES;
				CLANG_WARN_DEPRECATED_OBJC_IMPLEMENTATIONS = YES;
				CLANG_WARN_DIRECT_OBJC_ISA_USAGE = YES_ERROR;
				CLANG_WARN_DOCUMENTATION_COMMENTS = YES;
				CLANG_WARN_EMPTY_BODY = YES;
				CLANG_WARN_ENUM_CONVERSION = YES;
				CLANG_WARN_INFINITE_RECURSION = YES;
				CLANG_WARN_INT_CONVERSION = YES;
				CLANG_WARN_NON_LITERAL_NULL_CONVERSION = YES;
				CLANG_WARN_OBJC_IMPLICIT_RETAIN_SELF = YES;
				CLANG_WARN_OBJC_LITERAL_CONVERSION = YES;
				CLANG_WARN_OBJC_ROOT_CLASS = YES_ERROR;
				CLANG_WARN_QUOTED_INCLUDE_IN_FRAMEWORK_HEADER = YES;
				CLANG_WARN_RANGE_LOOP_ANALYSIS = YES;
				CLANG_WARN_STRICT_PROTOTYPES = YES;
				CLANG_WARN_SUSPICIOUS_MOVE = YES;
				CLANG_WARN_UNGUARDED_AVAILABILITY = YES_AGGRESSIVE;
				CLANG_WARN_UNREACHABLE_CODE = YES;
				CLANG_WARN__DUPLICATE_METHOD_MATCH = YES;
				COPY_PHASE_STRIP = NO;
				DEBUG_INFORMATION_FORMAT = "dwarf-with-dsym";
				ENABLE_NS_ASSERTIONS = NO;
				ENABLE_STRICT_OBJC_MSGSEND = YES;
				GCC_C_LANGUAGE_STANDARD = gnu11;
				GCC_NO_COMMON_BLOCKS = YES;
				GCC_WARN_64_TO_32_BIT_CONVERSION = YES;
				GCC_WARN_ABOUT_RETURN_TYPE = YES_ERROR;
				GCC_WARN_UNDECLARED_SELECTOR = YES;
				GCC_WARN_UNINITIALIZED_AUTOS = YES_AGGRESSIVE;
				GCC_WARN_UNUSED_FUNCTION = YES;
				GCC_WARN_UNUSED_VARIABLE = YES;
				IPHONEOS_DEPLOYMENT_TARGET = 14.4;
				MTL_ENABLE_DEBUG_INFO = NO;
				MTL_FAST_MATH = YES;
				SDKROOT = iphoneos;
				SWIFT_COMPILATION_MODE = wholemodule;
				SWIFT_OPTIMIZATION_LEVEL = "-O";
				VALIDATE_PRODUCT = YES;
			};
			name = Release;
		};
		3CBBD3D5264B9FFB008EF4BE /* Debug */ = {
			isa = XCBuildConfiguration;
			baseConfigurationReference = 4B95C65630094C5CF2F02545 /* Pods-RxSwift-Subject-Exam.debug.xcconfig */;
			buildSettings = {
				ASSETCATALOG_COMPILER_APPICON_NAME = AppIcon;
				ASSETCATALOG_COMPILER_GLOBAL_ACCENT_COLOR_NAME = AccentColor;
				CODE_SIGN_STYLE = Automatic;
				DEVELOPMENT_TEAM = J8A843466G;
				INFOPLIST_FILE = "RxSwift-Subject-Exam/Info.plist";
				LD_RUNPATH_SEARCH_PATHS = (
					"$(inherited)",
					"@executable_path/Frameworks",
				);
				PRODUCT_BUNDLE_IDENTIFIER = "net.hryeong.RxSwift-Subject-Exam";
				PRODUCT_NAME = "$(TARGET_NAME)";
				SWIFT_VERSION = 5.0;
				TARGETED_DEVICE_FAMILY = "1,2";
			};
			name = Debug;
		};
		3CBBD3D6264B9FFB008EF4BE /* Release */ = {
			isa = XCBuildConfiguration;
			baseConfigurationReference = B5D7FCA5FCF09C140AE8980B /* Pods-RxSwift-Subject-Exam.release.xcconfig */;
			buildSettings = {
				ASSETCATALOG_COMPILER_APPICON_NAME = AppIcon;
				ASSETCATALOG_COMPILER_GLOBAL_ACCENT_COLOR_NAME = AccentColor;
				CODE_SIGN_STYLE = Automatic;
				DEVELOPMENT_TEAM = J8A843466G;
				INFOPLIST_FILE = "RxSwift-Subject-Exam/Info.plist";
				LD_RUNPATH_SEARCH_PATHS = (
					"$(inherited)",
					"@executable_path/Frameworks",
				);
				PRODUCT_BUNDLE_IDENTIFIER = "net.hryeong.RxSwift-Subject-Exam";
				PRODUCT_NAME = "$(TARGET_NAME)";
				SWIFT_VERSION = 5.0;
				TARGETED_DEVICE_FAMILY = "1,2";
			};
			name = Release;
		};
/* End XCBuildConfiguration section */

/* Begin XCConfigurationList section */
		3CBBD3BB264B9FFA008EF4BE /* Build configuration list for PBXProject "RxSwift-Subject-Exam" */ = {
			isa = XCConfigurationList;
			buildConfigurations = (
				3CBBD3D2264B9FFB008EF4BE /* Debug */,
				3CBBD3D3264B9FFB008EF4BE /* Release */,
			);
			defaultConfigurationIsVisible = 0;
			defaultConfigurationName = Release;
		};
		3CBBD3D4264B9FFB008EF4BE /* Build configuration list for PBXNativeTarget "RxSwift-Subject-Exam" */ = {
			isa = XCConfigurationList;
			buildConfigurations = (
				3CBBD3D5264B9FFB008EF4BE /* Debug */,
				3CBBD3D6264B9FFB008EF4BE /* Release */,
			);
			defaultConfigurationIsVisible = 0;
			defaultConfigurationName = Release;
		};
/* End XCConfigurationList section */
	};
	rootObject = 3CBBD3B8264B9FFA008EF4BE /* Project object */;
}
